// !$*UTF8*$!
{
	archiveVersion = 1;
	classes = {
	};
	objectVersion = 56;
	objects = {

/* Begin PBXBuildFile section */
		2309C2242A6ABA6C00DAAE76 /* Word.storyboard in Resources */ = {isa = PBXBuildFile; fileRef = 2309C2232A6ABA6C00DAAE76 /* Word.storyboard */; };
		2309C2262A6ABA9D00DAAE76 /* WordViewController.swift in Sources */ = {isa = PBXBuildFile; fileRef = 2309C2252A6ABA9D00DAAE76 /* WordViewController.swift */; };
		237D36212A66AB0E0011A184 /* AppDelegate.swift in Sources */ = {isa = PBXBuildFile; fileRef = 237D36202A66AB0E0011A184 /* AppDelegate.swift */; };
		237D36232A66AB0E0011A184 /* SceneDelegate.swift in Sources */ = {isa = PBXBuildFile; fileRef = 237D36222A66AB0E0011A184 /* SceneDelegate.swift */; };
		237D36252A66AB0E0011A184 /* ViewController.swift in Sources */ = {isa = PBXBuildFile; fileRef = 237D36242A66AB0E0011A184 /* ViewController.swift */; };
		237D36282A66AB0E0011A184 /* Main.storyboard in Resources */ = {isa = PBXBuildFile; fileRef = 237D36262A66AB0E0011A184 /* Main.storyboard */; };
		237D362A2A66AB110011A184 /* Assets.xcassets in Resources */ = {isa = PBXBuildFile; fileRef = 237D36292A66AB110011A184 /* Assets.xcassets */; };
		237D362D2A66AB110011A184 /* LaunchScreen.storyboard in Resources */ = {isa = PBXBuildFile; fileRef = 237D362B2A66AB110011A184 /* LaunchScreen.storyboard */; };
/* End PBXBuildFile section */

/* Begin PBXFileReference section */
		2309C2232A6ABA6C00DAAE76 /* Word.storyboard */ = {isa = PBXFileReference; lastKnownFileType = file.storyboard; path = Word.storyboard; sourceTree = "<group>"; };
		2309C2252A6ABA9D00DAAE76 /* WordViewController.swift */ = {isa = PBXFileReference; lastKnownFileType = sourcecode.swift; path = WordViewController.swift; sourceTree = "<group>"; };
		237D361D2A66AB0E0011A184 /* baedal.app */ = {isa = PBXFileReference; explicitFileType = wrapper.application; includeInIndex = 0; path = baedal.app; sourceTree = BUILT_PRODUCTS_DIR; };
		237D36202A66AB0E0011A184 /* AppDelegate.swift */ = {isa = PBXFileReference; lastKnownFileType = sourcecode.swift; path = AppDelegate.swift; sourceTree = "<group>"; };
		237D36222A66AB0E0011A184 /* SceneDelegate.swift */ = {isa = PBXFileReference; lastKnownFileType = sourcecode.swift; path = SceneDelegate.swift; sourceTree = "<group>"; };
		237D36242A66AB0E0011A184 /* ViewController.swift */ = {isa = PBXFileReference; lastKnownFileType = sourcecode.swift; path = ViewController.swift; sourceTree = "<group>"; };
		237D36272A66AB0E0011A184 /* Base */ = {isa = PBXFileReference; lastKnownFileType = file.storyboard; name = Base; path = Base.lproj/Main.storyboard; sourceTree = "<group>"; };
		237D36292A66AB110011A184 /* Assets.xcassets */ = {isa = PBXFileReference; lastKnownFileType = folder.assetcatalog; path = Assets.xcassets; sourceTree = "<group>"; };
		237D362C2A66AB110011A184 /* Base */ = {isa = PBXFileReference; lastKnownFileType = file.storyboard; name = Base; path = Base.lproj/LaunchScreen.storyboard; sourceTree = "<group>"; };
		237D362E2A66AB110011A184 /* Info.plist */ = {isa = PBXFileReference; lastKnownFileType = text.plist.xml; path = Info.plist; sourceTree = "<group>"; };
/* End PBXFileReference section */

/* Begin PBXFrameworksBuildPhase section */
		237D361A2A66AB0E0011A184 /* Frameworks */ = {
			isa = PBXFrameworksBuildPhase;
			buildActionMask = 2147483647;
			files = (
			);
			runOnlyForDeploymentPostprocessing = 0;
		};
/* End PBXFrameworksBuildPhase section */

/* Begin PBXGroup section */
		2309C2222A6AB9EE00DAAE76 /* NewlyCoindWord */ = {
			isa = PBXGroup;
			children = (
				2309C2232A6ABA6C00DAAE76 /* Word.storyboard */,
				2309C2252A6ABA9D00DAAE76 /* WordViewController.swift */,
			);
			path = NewlyCoindWord;
			sourceTree = "<group>";
		};
		237D36142A66AB0E0011A184 = {
			isa = PBXGroup;
			children = (
				2309C2222A6AB9EE00DAAE76 /* NewlyCoindWord */,
				237D361F2A66AB0E0011A184 /* baedal */,
				237D361E2A66AB0E0011A184 /* Products */,
			);
			sourceTree = "<group>";
		};
		237D361E2A66AB0E0011A184 /* Products */ = {
			isa = PBXGroup;
			children = (
				237D361D2A66AB0E0011A184 /* baedal.app */,
			);
			name = Products;
			sourceTree = "<group>";
		};
		237D361F2A66AB0E0011A184 /* baedal */ = {
			isa = PBXGroup;
			children = (
				237D36202A66AB0E0011A184 /* AppDelegate.swift */,
				237D36222A66AB0E0011A184 /* SceneDelegate.swift */,
				237D36242A66AB0E0011A184 /* ViewController.swift */,
				237D36262A66AB0E0011A184 /* Main.storyboard */,
				237D36292A66AB110011A184 /* Assets.xcassets */,
				237D362B2A66AB110011A184 /* LaunchScreen.storyboard */,
				237D362E2A66AB110011A184 /* Info.plist */,
			);
			path = baedal;
			sourceTree = "<group>";
		};
/* End PBXGroup section */

/* Begin PBXNativeTarget section */
		237D361C2A66AB0E0011A184 /* baedal */ = {
			isa = PBXNativeTarget;
			buildConfigurationList = 237D36312A66AB110011A184 /* Build configuration list for PBXNativeTarget "baedal" */;
			buildPhases = (
				237D36192A66AB0E0011A184 /* Sources */,
				237D361A2A66AB0E0011A184 /* Frameworks */,
				237D361B2A66AB0E0011A184 /* Resources */,
			);
			buildRules = (
			);
			dependencies = (
			);
			name = baedal;
			productName = baedal;
			productReference = 237D361D2A66AB0E0011A184 /* baedal.app */;
			productType = "com.apple.product-type.application";
		};
/* End PBXNativeTarget section */

/* Begin PBXProject section */
		237D36152A66AB0E0011A184 /* Project object */ = {
			isa = PBXProject;
			attributes = {
				BuildIndependentTargetsInParallel = 1;
				LastSwiftUpdateCheck = 1430;
				LastUpgradeCheck = 1430;
				TargetAttributes = {
					237D361C2A66AB0E0011A184 = {
						CreatedOnToolsVersion = 14.3.1;
					};
				};
			};
			buildConfigurationList = 237D36182A66AB0E0011A184 /* Build configuration list for PBXProject "baedal" */;
			compatibilityVersion = "Xcode 14.0";
			developmentRegion = en;
			hasScannedForEncodings = 0;
			knownRegions = (
				en,
				Base,
			);
			mainGroup = 237D36142A66AB0E0011A184;
			productRefGroup = 237D361E2A66AB0E0011A184 /* Products */;
			projectDirPath = "";
			projectRoot = "";
			targets = (
				237D361C2A66AB0E0011A184 /* baedal */,
			);
		};
/* End PBXProject section */

/* Begin PBXResourcesBuildPhase section */
		237D361B2A66AB0E0011A184 /* Resources */ = {
			isa = PBXResourcesBuildPhase;
			buildActionMask = 2147483647;
			files = (
				237D362D2A66AB110011A184 /* LaunchScreen.storyboard in Resources */,
				237D362A2A66AB110011A184 /* Assets.xcassets in Resources */,
				2309C2242A6ABA6C00DAAE76 /* Word.storyboard in Resources */,
				237D36282A66AB0E0011A184 /* Main.storyboard in Resources */,
			);
			runOnlyForDeploymentPostprocessing = 0;
		};
/* End PBXResourcesBuildPhase section */

/* Begin PBXSourcesBuildPhase section */
		237D36192A66AB0E0011A184 /* Sources */ = {
			isa = PBXSourcesBuildPhase;
			buildActionMask = 2147483647;
			files = (
				237D36252A66AB0E0011A184 /* ViewController.swift in Sources */,
				237D36212A66AB0E0011A184 /* AppDelegate.swift in Sources */,
				2309C2262A6ABA9D00DAAE76 /* WordViewController.swift in Sources */,
				237D36232A66AB0E0011A184 /* SceneDelegate.swift in Sources */,
			);
			runOnlyForDeploymentPostprocessing = 0;
		};
/* End PBXSourcesBuildPhase section */

/* Begin PBXVariantGroup section */
		237D36262A66AB0E0011A184 /* Main.storyboard */ = {
			isa = PBXVariantGroup;
			children = (
				237D36272A66AB0E0011A184 /* Base */,
			);
			name = Main.storyboard;
			sourceTree = "<group>";
		};
		237D362B2A66AB110011A184 /* LaunchScreen.storyboard */ = {
			isa = PBXVariantGroup;
			children = (
				237D362C2A66AB110011A184 /* Base */,
			);
			name = LaunchScreen.storyboard;
			sourceTree = "<group>";
		};
/* End PBXVariantGroup section */

/* Begin XCBuildConfiguration section */
		237D362F2A66AB110011A184 /* Debug */ = {
			isa = XCBuildConfiguration;
			buildSettings = {
				ALWAYS_SEARCH_USER_PATHS = NO;
				CLANG_ANALYZER_NONNULL = YES;
				CLANG_ANALYZER_NUMBER_OBJECT_CONVERSION = YES_AGGRESSIVE;
				CLANG_CXX_LANGUAGE_STANDARD = "gnu++20";
				CLANG_ENABLE_MODULES = YES;
				CLANG_ENABLE_OBJC_ARC = YES;
				CLANG_ENABLE_OBJC_WEAK = YES;
				CLANG_WARN_BLOCK_CAPTURE_AUTORELEASING = YES;
				CLANG_WARN_BOOL_CONVERSION = YES;
				CLANG_WARN_COMMA = YES;
				CLANG_WARN_CONSTANT_CONVERSION = YES;
				CLANG_WARN_DEPRECATED_OBJC_IMPLEMENTATIONS = YES;
				CLANG_WARN_DIRECT_OBJC_ISA_USAGE = YES_ERROR;
				CLANG_WARN_DOCUMENTATION_COMMENTS = YES;
				CLANG_WARN_EMPTY_BODY = YES;
				CLANG_WARN_ENUM_CONVERSION = YES;
				CLANG_WARN_INFINITE_RECURSION = YES;
				CLANG_WARN_INT_CONVERSION = YES;
				CLANG_WARN_NON_LITERAL_NULL_CONVERSION = YES;
				CLANG_WARN_OBJC_IMPLICIT_RETAIN_SELF = YES;
				CLANG_WARN_OBJC_LITERAL_CONVERSION = YES;
				CLANG_WARN_OBJC_ROOT_CLASS = YES_ERROR;
				CLANG_WARN_QUOTED_INCLUDE_IN_FRAMEWORK_HEADER = YES;
				CLANG_WARN_RANGE_LOOP_ANALYSIS = YES;
				CLANG_WARN_STRICT_PROTOTYPES = YES;
				CLANG_WARN_SUSPICIOUS_MOVE = YES;
				CLANG_WARN_UNGUARDED_AVAILABILITY = YES_AGGRESSIVE;
				CLANG_WARN_UNREACHABLE_CODE = YES;
				CLANG_WARN__DUPLICATE_METHOD_MATCH = YES;
				COPY_PHASE_STRIP = NO;
				DEBUG_INFORMATION_FORMAT = dwarf;
				ENABLE_STRICT_OBJC_MSGSEND = YES;
				ENABLE_TESTABILITY = YES;
				GCC_C_LANGUAGE_STANDARD = gnu11;
				GCC_DYNAMIC_NO_PIC = NO;
				GCC_NO_COMMON_BLOCKS = YES;
				GCC_OPTIMIZATION_LEVEL = 0;
				GCC_PREPROCESSOR_DEFINITIONS = (
					"DEBUG=1",
					"$(inherited)",
				);
				GCC_WARN_64_TO_32_BIT_CONVERSION = YES;
				GCC_WARN_ABOUT_RETURN_TYPE = YES_ERROR;
				GCC_WARN_UNDECLARED_SELECTOR = YES;
				GCC_WARN_UNINITIALIZED_AUTOS = YES_AGGRESSIVE;
				GCC_WARN_UNUSED_FUNCTION = YES;
				GCC_WARN_UNUSED_VARIABLE = YES;
				IPHONEOS_DEPLOYMENT_TARGET = 16.4;
				MTL_ENABLE_DEBUG_INFO = INCLUDE_SOURCE;
				MTL_FAST_MATH = YES;
				ONLY_ACTIVE_ARCH = YES;
				SDKROOT = iphoneos;
				SWIFT_ACTIVE_COMPILATION_CONDITIONS = DEBUG;
				SWIFT_OPTIMIZATION_LEVEL = "-Onone";
			};
			name = Debug;
		};
		237D36302A66AB110011A184 /* Release */ = {
			isa = XCBuildConfiguration;
			buildSettings = {
				ALWAYS_SEARCH_USER_PATHS = NO;
				CLANG_ANALYZER_NONNULL = YES;
				CLANG_ANALYZER_NUMBER_OBJECT_CONVERSION = YES_AGGRESSIVE;
				CLANG_CXX_LANGUAGE_STANDARD = "gnu++20";
				CLANG_ENABLE_MODULES = YES;
				CLANG_ENABLE_OBJC_ARC = YES;
				CLANG_ENABLE_OBJC_WEAK = YES;
				CLANG_WARN_BLOCK_CAPTURE_AUTORELEASING = YES;
				CLANG_WARN_BOOL_CONVERSION = YES;
				CLANG_WARN_COMMA = YES;
				CLANG_WARN_CONSTANT_CONVERSION = YES;
				CLANG_WARN_DEPRECATED_OBJC_IMPLEMENTATIONS = YES;
				CLANG_WARN_DIRECT_OBJC_ISA_USAGE = YES_ERROR;
				CLANG_WARN_DOCUMENTATION_COMMENTS = YES;
				CLANG_WARN_EMPTY_BODY = YES;
				CLANG_WARN_ENUM_CONVERSION = YES;
				CLANG_WARN_INFINITE_RECURSION = YES;
				CLANG_WARN_INT_CONVERSION = YES;
				CLANG_WARN_NON_LITERAL_NULL_CONVERSION = YES;
				CLANG_WARN_OBJC_IMPLICIT_RETAIN_SELF = YES;
				CLANG_WARN_OBJC_LITERAL_CONVERSION = YES;
				CLANG_WARN_OBJC_ROOT_CLASS = YES_ERROR;
				CLANG_WARN_QUOTED_INCLUDE_IN_FRAMEWORK_HEADER = YES;
				CLANG_WARN_RANGE_LOOP_ANALYSIS = YES;
				CLANG_WARN_STRICT_PROTOTYPES = YES;
				CLANG_WARN_SUSPICIOUS_MOVE = YES;
				CLANG_WARN_UNGUARDED_AVAILABILITY = YES_AGGRESSIVE;
				CLANG_WARN_UNREACHABLE_CODE = YES;
				CLANG_WARN__DUPLICATE_METHOD_MATCH = YES;
				COPY_PHASE_STRIP = NO;
				DEBUG_INFORMATION_FORMAT = "dwarf-with-dsym";
				ENABLE_NS_ASSERTIONS = NO;
				ENABLE_STRICT_OBJC_MSGSEND = YES;
				GCC_C_LANGUAGE_STANDARD = gnu11;
				GCC_NO_COMMON_BLOCKS = YES;
				GCC_WARN_64_TO_32_BIT_CONVERSION = YES;
				GCC_WARN_ABOUT_RETURN_TYPE = YES_ERROR;
				GCC_WARN_UNDECLARED_SELECTOR = YES;
				GCC_WARN_UNINITIALIZED_AUTOS = YES_AGGRESSIVE;
				GCC_WARN_UNUSED_FUNCTION = YES;
				GCC_WARN_UNUSED_VARIABLE = YES;
				IPHONEOS_DEPLOYMENT_TARGET = 16.4;
				MTL_ENABLE_DEBUG_INFO = NO;
				MTL_FAST_MATH = YES;
				SDKROOT = iphoneos;
				SWIFT_COMPILATION_MODE = wholemodule;
				SWIFT_OPTIMIZATION_LEVEL = "-O";
				VALIDATE_PRODUCT = YES;
			};
			name = Release;
		};
		237D36322A66AB110011A184 /* Debug */ = {
			isa = XCBuildConfiguration;
			buildSettings = {
				ASSETCATALOG_COMPILER_APPICON_NAME = AppIcon;
				ASSETCATALOG_COMPILER_GLOBAL_ACCENT_COLOR_NAME = AccentColor;
				CODE_SIGN_STYLE = Automatic;
				CURRENT_PROJECT_VERSION = 1;
				DEVELOPMENT_TEAM = XG2N7C4BNF;
				GENERATE_INFOPLIST_FILE = YES;
				INFOPLIST_FILE = baedal/Info.plist;
				INFOPLIST_KEY_UIApplicationSupportsIndirectInputEvents = YES;
				INFOPLIST_KEY_UILaunchStoryboardName = LaunchScreen;
				INFOPLIST_KEY_UIMainStoryboardFile = Main;
				INFOPLIST_KEY_UISupportedInterfaceOrientations_iPad = "UIInterfaceOrientationPortrait UIInterfaceOrientationPortraitUpsideDown UIInterfaceOrientationLandscapeLeft UIInterfaceOrientationLandscapeRight";
				INFOPLIST_KEY_UISupportedInterfaceOrientations_iPhone = "UIInterfaceOrientationPortrait UIInterfaceOrientationLandscapeLeft UIInterfaceOrientationLandscapeRight";
				IPHONEOS_DEPLOYMENT_TARGET = 16.0;
				LD_RUNPATH_SEARCH_PATHS = (
					"$(inherited)",
					"@executable_path/Frameworks",
				);
				MARKETING_VERSION = 1.0;
				PRODUCT_BUNDLE_IDENTIFIER = com.doryy.baedal;
				PRODUCT_NAME = "$(TARGET_NAME)";
				SUPPORTED_PLATFORMS = "iphoneos iphonesimulator";
				SUPPORTS_MACCATALYST = NO;
				SUPPORTS_MAC_DESIGNED_FOR_IPHONE_IPAD = NO;
				SWIFT_EMIT_LOC_STRINGS = YES;
				SWIFT_VERSION = 5.0;
				TARGETED_DEVICE_FAMILY = 1;
			};
			name = Debug;
		};
		237D36332A66AB110011A184 /* Release */ = {
			isa = XCBuildConfiguration;
			buildSettings = {
				ASSETCATALOG_COMPILER_APPICON_NAME = AppIcon;
				ASSETCATALOG_COMPILER_GLOBAL_ACCENT_COLOR_NAME = AccentColor;
				CODE_SIGN_STYLE = Automatic;
				CURRENT_PROJECT_VERSION = 1;
				DEVELOPMENT_TEAM = XG2N7C4BNF;
				GENERATE_INFOPLIST_FILE = YES;
				INFOPLIST_FILE = baedal/Info.plist;
				INFOPLIST_KEY_UIApplicationSupportsIndirectInputEvents = YES;
				INFOPLIST_KEY_UILaunchStoryboardName = LaunchScreen;
				INFOPLIST_KEY_UIMainStoryboardFile = Main;
				INFOPLIST_KEY_UISupportedInterfaceOrientations_iPad = "UIInterfaceOrientationPortrait UIInterfaceOrientationPortraitUpsideDown UIInterfaceOrientationLandscapeLeft UIInterfaceOrientationLandscapeRight";
				INFOPLIST_KEY_UISupportedInterfaceOrientations_iPhone = "UIInterfaceOrientationPortrait UIInterfaceOrientationLandscapeLeft UIInterfaceOrientationLandscapeRight";
				IPHONEOS_DEPLOYMENT_TARGET = 16.0;
				LD_RUNPATH_SEARCH_PATHS = (
					"$(inherited)",
					"@executable_path/Frameworks",
				);
				MARKETING_VERSION = 1.0;
				PRODUCT_BUNDLE_IDENTIFIER = com.doryy.baedal;
				PRODUCT_NAME = "$(TARGET_NAME)";
				SUPPORTED_PLATFORMS = "iphoneos iphonesimulator";
				SUPPORTS_MACCATALYST = NO;
				SUPPORTS_MAC_DESIGNED_FOR_IPHONE_IPAD = NO;
				SWIFT_EMIT_LOC_STRINGS = YES;
				SWIFT_VERSION = 5.0;
				TARGETED_DEVICE_FAMILY = 1;
			};
			name = Release;
		};
/* End XCBuildConfiguration section */

/* Begin XCConfigurationList section */
		237D36182A66AB0E0011A184 /* Build configuration list for PBXProject "baedal" */ = {
			isa = XCConfigurationList;
			buildConfigurations = (
				237D362F2A66AB110011A184 /* Debug */,
				237D36302A66AB110011A184 /* Release */,
			);
			defaultConfigurationIsVisible = 0;
			defaultConfigurationName = Release;
		};
		237D36312A66AB110011A184 /* Build configuration list for PBXNativeTarget "baedal" */ = {
			isa = XCConfigurationList;
			buildConfigurations = (
				237D36322A66AB110011A184 /* Debug */,
				237D36332A66AB110011A184 /* Release */,
			);
			defaultConfigurationIsVisible = 0;
			defaultConfigurationName = Release;
		};
/* End XCConfigurationList section */
	};
	rootObject = 237D36152A66AB0E0011A184 /* Project object */;
}
